
Microsoft Visual Studio Solution File, Format Version 12.00
# Visual Studio Version 17
VisualStudioVersion = 17.14.36518.9 d17.14
MinimumVisualStudioVersion = 10.0.40219.1
Project("{FAE04EC0-301F-11D3-BF4B-00C04F79EFBC}") = "Tarea2_AdrianArayaG-UNED", "Tarea2_AdrianArayaG-UNED.csproj", "{FFFF67B2-0DE7-43DF-B7DB-2EC2406FBA37}"
EndProject
Global
	GlobalSection(SolutionConfigurationPlatforms) = preSolution
		Debug|Any CPU = Debug|Any CPU
		Release|Any CPU = Release|Any CPU
	EndGlobalSection
	GlobalSection(ProjectConfigurationPlatforms) = postSolution
		{FFFF67B2-0DE7-43DF-B7DB-2EC2406FBA37}.Debug|Any CPU.ActiveCfg = Debug|Any CPU
		{FFFF67B2-0DE7-43DF-B7DB-2EC2406FBA37}.Debug|Any CPU.Build.0 = Debug|Any CPU
		{FFFF67B2-0DE7-43DF-B7DB-2EC2406FBA37}.Release|Any CPU.ActiveCfg = Release|Any CPU
		{FFFF67B2-0DE7-43DF-B7DB-2EC2406FBA37}.Release|Any CPU.Build.0 = Release|Any CPU
	EndGlobalSection
	GlobalSection(SolutionProperties) = preSolution
		HideSolutionNode = FALSE
	EndGlobalSection
	GlobalSection(ExtensibilityGlobals) = postSolution
		SolutionGuid = {9A64D87A-A00C-4EA6-B7E5-D6C844F9E87E}
	EndGlobalSection
EndGlobal
